
Microsoft Visual Studio Solution File, Format Version 12.00
# Visual Studio Version 17
VisualStudioVersion = 17.11.35312.102
MinimumVisualStudioVersion = 10.0.40219.1
Project("{9A19103F-16F7-4668-BE54-9A1E7A4F7556}") = "FuncionalHealthTechChallenge", "FuncionalHealthTechChallenge\FuncionalHealthTechChallenge.csproj", "{700E74C5-5814-4802-A464-8C8A51BBB6BA}"
EndProject
Project("{FAE04EC0-301F-11D3-BF4B-00C04F79EFBC}") = "FuncionalHealthTechChallengeTest", "FuncionalHealthTechChallengeTest\FuncionalHealthTechChallengeTest.csproj", "{88BF4FB5-D3A4-4C77-9DC8-A4BB74DC0484}"
EndProject
Project("{E53339B2-1760-4266-BCC7-CA923CBCF16C}") = "docker-compose", "docker-compose.dcproj", "{148F0137-DD7D-4C68-96D4-E1493E869702}"
EndProject
Global
	GlobalSection(SolutionConfigurationPlatforms) = preSolution
		Debug|Any CPU = Debug|Any CPU
		Release|Any CPU = Release|Any CPU
	EndGlobalSection
	GlobalSection(ProjectConfigurationPlatforms) = postSolution
		{700E74C5-5814-4802-A464-8C8A51BBB6BA}.Debug|Any CPU.ActiveCfg = Debug|Any CPU
		{700E74C5-5814-4802-A464-8C8A51BBB6BA}.Debug|Any CPU.Build.0 = Debug|Any CPU
		{700E74C5-5814-4802-A464-8C8A51BBB6BA}.Release|Any CPU.ActiveCfg = Release|Any CPU
		{700E74C5-5814-4802-A464-8C8A51BBB6BA}.Release|Any CPU.Build.0 = Release|Any CPU
		{88BF4FB5-D3A4-4C77-9DC8-A4BB74DC0484}.Debug|Any CPU.ActiveCfg = Debug|Any CPU
		{88BF4FB5-D3A4-4C77-9DC8-A4BB74DC0484}.Debug|Any CPU.Build.0 = Debug|Any CPU
		{88BF4FB5-D3A4-4C77-9DC8-A4BB74DC0484}.Release|Any CPU.ActiveCfg = Release|Any CPU
		{88BF4FB5-D3A4-4C77-9DC8-A4BB74DC0484}.Release|Any CPU.Build.0 = Release|Any CPU
		{148F0137-DD7D-4C68-96D4-E1493E869702}.Debug|Any CPU.ActiveCfg = Debug|Any CPU
		{148F0137-DD7D-4C68-96D4-E1493E869702}.Debug|Any CPU.Build.0 = Debug|Any CPU
		{148F0137-DD7D-4C68-96D4-E1493E869702}.Release|Any CPU.ActiveCfg = Release|Any CPU
		{148F0137-DD7D-4C68-96D4-E1493E869702}.Release|Any CPU.Build.0 = Release|Any CPU
	EndGlobalSection
	GlobalSection(SolutionProperties) = preSolution
		HideSolutionNode = FALSE
	EndGlobalSection
	GlobalSection(ExtensibilityGlobals) = postSolution
		SolutionGuid = {AD5019EA-1E75-43FE-810B-B5DCBD6CEE0A}
	EndGlobalSection
EndGlobal
